
Microsoft Visual Studio Solution File, Format Version 12.00
# Visual Studio Version 16
VisualStudioVersion = 16.0.31105.61
MinimumVisualStudioVersion = 10.0.40219.1
Project("{FAE04EC0-301F-11D3-BF4B-00C04F79EFBC}") = "ToDoWebAPI", "ToDoWebAPI\ToDoWebAPI.csproj", "{2F48DE85-4609-43CE-9351-D098467F676C}"
EndProject
Global
	GlobalSection(SolutionConfigurationPlatforms) = preSolution
		Debug|Any CPU = Debug|Any CPU
		Release|Any CPU = Release|Any CPU
	EndGlobalSection
	GlobalSection(ProjectConfigurationPlatforms) = postSolution
		{2F48DE85-4609-43CE-9351-D098467F676C}.Debug|Any CPU.ActiveCfg = Debug|Any CPU
		{2F48DE85-4609-43CE-9351-D098467F676C}.Debug|Any CPU.Build.0 = Debug|Any CPU
		{2F48DE85-4609-43CE-9351-D098467F676C}.Release|Any CPU.ActiveCfg = Release|Any CPU
		{2F48DE85-4609-43CE-9351-D098467F676C}.Release|Any CPU.Build.0 = Release|Any CPU
	EndGlobalSection
	GlobalSection(SolutionProperties) = preSolution
		HideSolutionNode = FALSE
	EndGlobalSection
	GlobalSection(ExtensibilityGlobals) = postSolution
		SolutionGuid = {BB6F51DA-B1ED-4CD7-B335-986A456AB9EE}
	EndGlobalSection
EndGlobal
